
Microsoft Visual Studio Solution File, Format Version 12.00
# Visual Studio 15
VisualStudioVersion = 15.0.28307.329
MinimumVisualStudioVersion = 10.0.40219.1
Project("{FAE04EC0-301F-11D3-BF4B-00C04F79EFBC}") = "DanbooruDownloader", "DanbooruDownloader\DanbooruDownloader.csproj", "{DAA15ADB-83CF-4B68-807A-24ABA7BF187B}"
EndProject
Global
	GlobalSection(SolutionConfigurationPlatforms) = preSolution
		Debug|Any CPU = Debug|Any CPU
		Release|Any CPU = Release|Any CPU
	EndGlobalSection
	GlobalSection(ProjectConfigurationPlatforms) = postSolution
		{DAA15ADB-83CF-4B68-807A-24ABA7BF187B}.Debug|Any CPU.ActiveCfg = Debug|Any CPU
		{DAA15ADB-83CF-4B68-807A-24ABA7BF187B}.Debug|Any CPU.Build.0 = Debug|Any CPU
		{DAA15ADB-83CF-4B68-807A-24ABA7BF187B}.Release|Any CPU.ActiveCfg = Release|Any CPU
		{DAA15ADB-83CF-4B68-807A-24ABA7BF187B}.Release|Any CPU.Build.0 = Release|Any CPU
	EndGlobalSection
	GlobalSection(SolutionProperties) = preSolution
		HideSolutionNode = FALSE
	EndGlobalSection
	GlobalSection(ExtensibilityGlobals) = postSolution
		SolutionGuid = {E0E56030-8A05-4AC8-A7A4-E7C2B0FA515E}
	EndGlobalSection
EndGlobal
