
Microsoft Visual Studio Solution File, Format Version 12.00
# Visual Studio 15
VisualStudioVersion = 15.0.27130.2010
MinimumVisualStudioVersion = 10.0.40219.1
Project("{FAE04EC0-301F-11D3-BF4B-00C04F79EFBC}") = "DanbooruDownloader", "DanbooruDownloader\DanbooruDownloader.csproj", "{EB227F58-64BF-454D-8581-3E276B1E25EA}"
EndProject
Global
	GlobalSection(SolutionConfigurationPlatforms) = preSolution
		Debug|Any CPU = Debug|Any CPU
		Release|Any CPU = Release|Any CPU
	EndGlobalSection
	GlobalSection(ProjectConfigurationPlatforms) = postSolution
		{EB227F58-64BF-454D-8581-3E276B1E25EA}.Debug|Any CPU.ActiveCfg = Debug|Any CPU
		{EB227F58-64BF-454D-8581-3E276B1E25EA}.Debug|Any CPU.Build.0 = Debug|Any CPU
		{EB227F58-64BF-454D-8581-3E276B1E25EA}.Release|Any CPU.ActiveCfg = Release|Any CPU
		{EB227F58-64BF-454D-8581-3E276B1E25EA}.Release|Any CPU.Build.0 = Release|Any CPU
	EndGlobalSection
	GlobalSection(SolutionProperties) = preSolution
		HideSolutionNode = FALSE
	EndGlobalSection
	GlobalSection(ExtensibilityGlobals) = postSolution
		SolutionGuid = {29FFBDD5-8E68-474B-B878-85A8FB8C56C4}
	EndGlobalSection
EndGlobal
